// !$*UTF8*$!
{
	archiveVersion = 1;
	classes = {
	};
	objectVersion = 56;
	objects = {

/* Begin PBXBuildFile section */
		FB902EA12ADB224000940484 /* AppDelegate.swift in Sources */ = {isa = PBXBuildFile; fileRef = FB902EA02ADB224000940484 /* AppDelegate.swift */; };
		FB902EA32ADB224000940484 /* SceneDelegate.swift in Sources */ = {isa = PBXBuildFile; fileRef = FB902EA22ADB224000940484 /* SceneDelegate.swift */; };
		FB902EA82ADB224000940484 /* Main.storyboard in Resources */ = {isa = PBXBuildFile; fileRef = FB902EA62ADB224000940484 /* Main.storyboard */; };
		FB902EAA2ADB224200940484 /* Assets.xcassets in Resources */ = {isa = PBXBuildFile; fileRef = FB902EA92ADB224200940484 /* Assets.xcassets */; };
		FB902EAD2ADB224200940484 /* LaunchScreen.storyboard in Resources */ = {isa = PBXBuildFile; fileRef = FB902EAB2ADB224200940484 /* LaunchScreen.storyboard */; };
		FB902EB72ADB23AD00940484 /* TabbarController.swift in Sources */ = {isa = PBXBuildFile; fileRef = FB902EB62ADB23AD00940484 /* TabbarController.swift */; };
		FB902EB92ADB36BF00940484 /* HomeViewController.swift in Sources */ = {isa = PBXBuildFile; fileRef = FB902EB82ADB36BF00940484 /* HomeViewController.swift */; };
		FB902EBB2ADB36CB00940484 /* FavoritesViewController.swift in Sources */ = {isa = PBXBuildFile; fileRef = FB902EBA2ADB36CB00940484 /* FavoritesViewController.swift */; };
		FB902EBD2ADB36D600940484 /* PBasketViewController.swift in Sources */ = {isa = PBXBuildFile; fileRef = FB902EBC2ADB36D600940484 /* PBasketViewController.swift */; };
		FB902EC12ADB461F00940484 /* HomeCollectionViewCell.swift in Sources */ = {isa = PBXBuildFile; fileRef = FB902EC02ADB461F00940484 /* HomeCollectionViewCell.swift */; };
		FBA9F5082ADDC4E1003443F0 /* DetailViewController.swift in Sources */ = {isa = PBXBuildFile; fileRef = FBA9F5072ADDC4E1003443F0 /* DetailViewController.swift */; };
		FBC3DA562AE555A100ACC86E /* LocalDataSource.swift in Sources */ = {isa = PBXBuildFile; fileRef = FBC3DA552AE555A100ACC86E /* LocalDataSource.swift */; };
		FBC3DA592AE555EA00ACC86E /* SQLite in Frameworks */ = {isa = PBXBuildFile; productRef = FBC3DA582AE555EA00ACC86E /* SQLite */; };
		FBC3DA5B2AE5B56300ACC86E /* BasketViewController.swift in Sources */ = {isa = PBXBuildFile; fileRef = FBC3DA5A2AE5B56300ACC86E /* BasketViewController.swift */; };
		FBC3DA612AE5C98A00ACC86E /* BasketCollectionViewCell.swift in Sources */ = {isa = PBXBuildFile; fileRef = FBC3DA602AE5C98A00ACC86E /* BasketCollectionViewCell.swift */; };
		FBDA65262ADC0388005B24C8 /* FoodModel.swift in Sources */ = {isa = PBXBuildFile; fileRef = FBDA65252ADC0388005B24C8 /* FoodModel.swift */; };
		FBDA65282ADC0400005B24C8 /* Service.swift in Sources */ = {isa = PBXBuildFile; fileRef = FBDA65272ADC0400005B24C8 /* Service.swift */; };
		FBDA652B2ADC0427005B24C8 /* Alamofire in Frameworks */ = {isa = PBXBuildFile; productRef = FBDA652A2ADC0427005B24C8 /* Alamofire */; };
		FBDA652E2ADC0449005B24C8 /* SDWebImage in Frameworks */ = {isa = PBXBuildFile; productRef = FBDA652D2ADC0449005B24C8 /* SDWebImage */; };
		FBDA65332ADC1043005B24C8 /* CustomError.swift in Sources */ = {isa = PBXBuildFile; fileRef = FBDA65322ADC1043005B24C8 /* CustomError.swift */; };
		FBDA65352ADC8F22005B24C8 /* Constants.swift in Sources */ = {isa = PBXBuildFile; fileRef = FBDA65342ADC8F22005B24C8 /* Constants.swift */; };
		FBDA65372ADC911B005B24C8 /* HomeViewModel.swift in Sources */ = {isa = PBXBuildFile; fileRef = FBDA65362ADC911B005B24C8 /* HomeViewModel.swift */; };
		FBDA65392ADC97A3005B24C8 /* HomeCellViewModel.swift in Sources */ = {isa = PBXBuildFile; fileRef = FBDA65382ADC97A3005B24C8 /* HomeCellViewModel.swift */; };
		FBDA653B2ADC9AEC005B24C8 /* HomeRepository.swift in Sources */ = {isa = PBXBuildFile; fileRef = FBDA653A2ADC9AEC005B24C8 /* HomeRepository.swift */; };
		FBDA653D2ADCA22E005B24C8 /* Extensions.swift in Sources */ = {isa = PBXBuildFile; fileRef = FBDA653C2ADCA22E005B24C8 /* Extensions.swift */; };
		FBEEEB552AE303B7007BC2A0 /* RxCocoa in Frameworks */ = {isa = PBXBuildFile; productRef = FBEEEB542AE303B7007BC2A0 /* RxCocoa */; };
		FBEEEB572AE303B7007BC2A0 /* RxSwift in Frameworks */ = {isa = PBXBuildFile; productRef = FBEEEB562AE303B7007BC2A0 /* RxSwift */; };
/* End PBXBuildFile section */

/* Begin PBXFileReference section */
		FB902E9D2ADB224000940484 /* ZaraFood.app */ = {isa = PBXFileReference; explicitFileType = wrapper.application; includeInIndex = 0; path = ZaraFood.app; sourceTree = BUILT_PRODUCTS_DIR; };
		FB902EA02ADB224000940484 /* AppDelegate.swift */ = {isa = PBXFileReference; lastKnownFileType = sourcecode.swift; path = AppDelegate.swift; sourceTree = "<group>"; };
		FB902EA22ADB224000940484 /* SceneDelegate.swift */ = {isa = PBXFileReference; lastKnownFileType = sourcecode.swift; path = SceneDelegate.swift; sourceTree = "<group>"; };
		FB902EA72ADB224000940484 /* Base */ = {isa = PBXFileReference; lastKnownFileType = file.storyboard; name = Base; path = Base.lproj/Main.storyboard; sourceTree = "<group>"; };
		FB902EA92ADB224200940484 /* Assets.xcassets */ = {isa = PBXFileReference; lastKnownFileType = folder.assetcatalog; path = Assets.xcassets; sourceTree = "<group>"; };
		FB902EAC2ADB224200940484 /* Base */ = {isa = PBXFileReference; lastKnownFileType = file.storyboard; name = Base; path = Base.lproj/LaunchScreen.storyboard; sourceTree = "<group>"; };
		FB902EAE2ADB224200940484 /* Info.plist */ = {isa = PBXFileReference; lastKnownFileType = text.plist.xml; path = Info.plist; sourceTree = "<group>"; };
		FB902EB62ADB23AD00940484 /* TabbarController.swift */ = {isa = PBXFileReference; lastKnownFileType = sourcecode.swift; path = TabbarController.swift; sourceTree = "<group>"; };
		FB902EB82ADB36BF00940484 /* HomeViewController.swift */ = {isa = PBXFileReference; lastKnownFileType = sourcecode.swift; path = HomeViewController.swift; sourceTree = "<group>"; };
		FB902EBA2ADB36CB00940484 /* FavoritesViewController.swift */ = {isa = PBXFileReference; lastKnownFileType = sourcecode.swift; path = FavoritesViewController.swift; sourceTree = "<group>"; };
		FB902EBC2ADB36D600940484 /* PBasketViewController.swift */ = {isa = PBXFileReference; lastKnownFileType = sourcecode.swift; path = PBasketViewController.swift; sourceTree = "<group>"; };
		FB902EC02ADB461F00940484 /* HomeCollectionViewCell.swift */ = {isa = PBXFileReference; lastKnownFileType = sourcecode.swift; path = HomeCollectionViewCell.swift; sourceTree = "<group>"; };
		FBA9F5072ADDC4E1003443F0 /* DetailViewController.swift */ = {isa = PBXFileReference; lastKnownFileType = sourcecode.swift; path = DetailViewController.swift; sourceTree = "<group>"; };
		FBC3DA552AE555A100ACC86E /* LocalDataSource.swift */ = {isa = PBXFileReference; lastKnownFileType = sourcecode.swift; path = LocalDataSource.swift; sourceTree = "<group>"; };
		FBC3DA5A2AE5B56300ACC86E /* BasketViewController.swift */ = {isa = PBXFileReference; lastKnownFileType = sourcecode.swift; path = BasketViewController.swift; sourceTree = "<group>"; };
		FBC3DA602AE5C98A00ACC86E /* BasketCollectionViewCell.swift */ = {isa = PBXFileReference; lastKnownFileType = sourcecode.swift; path = BasketCollectionViewCell.swift; sourceTree = "<group>"; };
		FBDA65252ADC0388005B24C8 /* FoodModel.swift */ = {isa = PBXFileReference; lastKnownFileType = sourcecode.swift; path = FoodModel.swift; sourceTree = "<group>"; };
		FBDA65272ADC0400005B24C8 /* Service.swift */ = {isa = PBXFileReference; lastKnownFileType = sourcecode.swift; path = Service.swift; sourceTree = "<group>"; };
		FBDA65322ADC1043005B24C8 /* CustomError.swift */ = {isa = PBXFileReference; lastKnownFileType = sourcecode.swift; path = CustomError.swift; sourceTree = "<group>"; };
		FBDA65342ADC8F22005B24C8 /* Constants.swift */ = {isa = PBXFileReference; lastKnownFileType = sourcecode.swift; path = Constants.swift; sourceTree = "<group>"; };
		FBDA65362ADC911B005B24C8 /* HomeViewModel.swift */ = {isa = PBXFileReference; lastKnownFileType = sourcecode.swift; path = HomeViewModel.swift; sourceTree = "<group>"; };
		FBDA65382ADC97A3005B24C8 /* HomeCellViewModel.swift */ = {isa = PBXFileReference; lastKnownFileType = sourcecode.swift; path = HomeCellViewModel.swift; sourceTree = "<group>"; };
		FBDA653A2ADC9AEC005B24C8 /* HomeRepository.swift */ = {isa = PBXFileReference; lastKnownFileType = sourcecode.swift; path = HomeRepository.swift; sourceTree = "<group>"; };
		FBDA653C2ADCA22E005B24C8 /* Extensions.swift */ = {isa = PBXFileReference; lastKnownFileType = sourcecode.swift; path = Extensions.swift; sourceTree = "<group>"; };
/* End PBXFileReference section */

/* Begin PBXFrameworksBuildPhase section */
		FB902E9A2ADB224000940484 /* Frameworks */ = {
			isa = PBXFrameworksBuildPhase;
			buildActionMask = 2147483647;
			files = (
				FBC3DA592AE555EA00ACC86E /* SQLite in Frameworks */,
				FBEEEB552AE303B7007BC2A0 /* RxCocoa in Frameworks */,
				FBDA652E2ADC0449005B24C8 /* SDWebImage in Frameworks */,
				FBEEEB572AE303B7007BC2A0 /* RxSwift in Frameworks */,
				FBDA652B2ADC0427005B24C8 /* Alamofire in Frameworks */,
			);
			runOnlyForDeploymentPostprocessing = 0;
		};
/* End PBXFrameworksBuildPhase section */

/* Begin PBXGroup section */
		FB902E942ADB224000940484 = {
			isa = PBXGroup;
			children = (
				FB902E9F2ADB224000940484 /* ZaraFood */,
				FB902E9E2ADB224000940484 /* Products */,
			);
			sourceTree = "<group>";
		};
		FB902E9E2ADB224000940484 /* Products */ = {
			isa = PBXGroup;
			children = (
				FB902E9D2ADB224000940484 /* ZaraFood.app */,
			);
			name = Products;
			sourceTree = "<group>";
		};
		FB902E9F2ADB224000940484 /* ZaraFood */ = {
			isa = PBXGroup;
			children = (
				FBDA65442ADCAFBD005B24C8 /* Supporting Files */,
				FBDA65432ADCAFB0005B24C8 /* Utils */,
				FBDA65422ADCAF99005B24C8 /* Service */,
				FBDA65412ADCAF91005B24C8 /* Repository */,
				FBDA65402ADCAF84005B24C8 /* ViewModel */,
				FBDA653F2ADCAF7F005B24C8 /* View */,
				FBDA653E2ADCAF79005B24C8 /* Model */,
				FB902EA62ADB224000940484 /* Main.storyboard */,
				FB902EA92ADB224200940484 /* Assets.xcassets */,
				FB902EAE2ADB224200940484 /* Info.plist */,
			);
			path = ZaraFood;
			sourceTree = "<group>";
		};
		FBA9F5062ADDC4C4003443F0 /* Detail */ = {
			isa = PBXGroup;
			children = (
				FBA9F5072ADDC4E1003443F0 /* DetailViewController.swift */,
			);
			path = Detail;
			sourceTree = "<group>";
		};
		FBC3DA532AE5556F00ACC86E /* API */ = {
			isa = PBXGroup;
			children = (
				FBDA65272ADC0400005B24C8 /* Service.swift */,
			);
			path = API;
			sourceTree = "<group>";
		};
		FBC3DA542AE5557700ACC86E /* Local-SQL */ = {
			isa = PBXGroup;
			children = (
				FBC3DA552AE555A100ACC86E /* LocalDataSource.swift */,
			);
			path = "Local-SQL";
			sourceTree = "<group>";
		};
		FBDA653E2ADCAF79005B24C8 /* Model */ = {
			isa = PBXGroup;
			children = (
				FBDA65252ADC0388005B24C8 /* FoodModel.swift */,
			);
			path = Model;
			sourceTree = "<group>";
		};
		FBDA653F2ADCAF7F005B24C8 /* View */ = {
			isa = PBXGroup;
			children = (
				FBDA65472ADCB05E005B24C8 /* Tabbar */,
				FBDA65462ADCB04F005B24C8 /* Home */,
				FBA9F5062ADDC4C4003443F0 /* Detail */,
				FBDA65482ADCB067005B24C8 /* Favorites */,
				FBDA65492ADCB072005B24C8 /* Basket */,
			);
			path = View;
			sourceTree = "<group>";
		};
		FBDA65402ADCAF84005B24C8 /* ViewModel */ = {
			isa = PBXGroup;
			children = (
				FBDA65452ADCB03D005B24C8 /* Home */,
			);
			path = ViewModel;
			sourceTree = "<group>";
		};
		FBDA65412ADCAF91005B24C8 /* Repository */ = {
			isa = PBXGroup;
			children = (
				FBDA653A2ADC9AEC005B24C8 /* HomeRepository.swift */,
			);
			path = Repository;
			sourceTree = "<group>";
		};
		FBDA65422ADCAF99005B24C8 /* Service */ = {
			isa = PBXGroup;
			children = (
				FBC3DA542AE5557700ACC86E /* Local-SQL */,
				FBC3DA532AE5556F00ACC86E /* API */,
			);
			path = Service;
			sourceTree = "<group>";
		};
		FBDA65432ADCAFB0005B24C8 /* Utils */ = {
			isa = PBXGroup;
			children = (
				FBDA65322ADC1043005B24C8 /* CustomError.swift */,
				FBDA65342ADC8F22005B24C8 /* Constants.swift */,
				FBDA653C2ADCA22E005B24C8 /* Extensions.swift */,
			);
			path = Utils;
			sourceTree = "<group>";
		};
		FBDA65442ADCAFBD005B24C8 /* Supporting Files */ = {
			isa = PBXGroup;
			children = (
				FB902EA02ADB224000940484 /* AppDelegate.swift */,
				FB902EA22ADB224000940484 /* SceneDelegate.swift */,
				FB902EAB2ADB224200940484 /* LaunchScreen.storyboard */,
			);
			path = "Supporting Files";
			sourceTree = "<group>";
		};
		FBDA65452ADCB03D005B24C8 /* Home */ = {
			isa = PBXGroup;
			children = (
				FBDA65362ADC911B005B24C8 /* HomeViewModel.swift */,
				FBDA65382ADC97A3005B24C8 /* HomeCellViewModel.swift */,
			);
			path = Home;
			sourceTree = "<group>";
		};
		FBDA65462ADCB04F005B24C8 /* Home */ = {
			isa = PBXGroup;
			children = (
				FB902EB82ADB36BF00940484 /* HomeViewController.swift */,
				FB902EC02ADB461F00940484 /* HomeCollectionViewCell.swift */,
			);
			path = Home;
			sourceTree = "<group>";
		};
		FBDA65472ADCB05E005B24C8 /* Tabbar */ = {
			isa = PBXGroup;
			children = (
				FB902EB62ADB23AD00940484 /* TabbarController.swift */,
			);
			path = Tabbar;
			sourceTree = "<group>";
		};
		FBDA65482ADCB067005B24C8 /* Favorites */ = {
			isa = PBXGroup;
			children = (
				FB902EBA2ADB36CB00940484 /* FavoritesViewController.swift */,
			);
			path = Favorites;
			sourceTree = "<group>";
		};
		FBDA65492ADCB072005B24C8 /* Basket */ = {
			isa = PBXGroup;
			children = (
				FB902EBC2ADB36D600940484 /* PBasketViewController.swift */,
				FBC3DA5A2AE5B56300ACC86E /* BasketViewController.swift */,
				FBC3DA602AE5C98A00ACC86E /* BasketCollectionViewCell.swift */,
			);
			path = Basket;
			sourceTree = "<group>";
		};
/* End PBXGroup section */

/* Begin PBXNativeTarget section */
		FB902E9C2ADB224000940484 /* ZaraFood */ = {
			isa = PBXNativeTarget;
			buildConfigurationList = FB902EB12ADB224200940484 /* Build configuration list for PBXNativeTarget "ZaraFood" */;
			buildPhases = (
				FB902E992ADB224000940484 /* Sources */,
				FB902E9A2ADB224000940484 /* Frameworks */,
				FB902E9B2ADB224000940484 /* Resources */,
			);
			buildRules = (
			);
			dependencies = (
			);
			name = ZaraFood;
			packageProductDependencies = (
				FBDA652A2ADC0427005B24C8 /* Alamofire */,
				FBDA652D2ADC0449005B24C8 /* SDWebImage */,
				FBEEEB542AE303B7007BC2A0 /* RxCocoa */,
				FBEEEB562AE303B7007BC2A0 /* RxSwift */,
				FBC3DA582AE555EA00ACC86E /* SQLite */,
			);
			productName = ZaraFood;
			productReference = FB902E9D2ADB224000940484 /* ZaraFood.app */;
			productType = "com.apple.product-type.application";
		};
/* End PBXNativeTarget section */

/* Begin PBXProject section */
		FB902E952ADB224000940484 /* Project object */ = {
			isa = PBXProject;
			attributes = {
				BuildIndependentTargetsInParallel = 1;
				LastSwiftUpdateCheck = 1430;
				LastUpgradeCheck = 1430;
				TargetAttributes = {
					FB902E9C2ADB224000940484 = {
						CreatedOnToolsVersion = 14.3.1;
					};
				};
			};
			buildConfigurationList = FB902E982ADB224000940484 /* Build configuration list for PBXProject "ZaraFood" */;
			compatibilityVersion = "Xcode 14.0";
			developmentRegion = en;
			hasScannedForEncodings = 0;
			knownRegions = (
				en,
				Base,
			);
			mainGroup = FB902E942ADB224000940484;
			packageReferences = (
				FBDA65292ADC0427005B24C8 /* XCRemoteSwiftPackageReference "Alamofire" */,
				FBDA652C2ADC0449005B24C8 /* XCRemoteSwiftPackageReference "SDWebImage" */,
				FBEEEB532AE303B7007BC2A0 /* XCRemoteSwiftPackageReference "RxSwift" */,
				FBC3DA572AE555EA00ACC86E /* XCRemoteSwiftPackageReference "SQLite" */,
			);
			productRefGroup = FB902E9E2ADB224000940484 /* Products */;
			projectDirPath = "";
			projectRoot = "";
			targets = (
				FB902E9C2ADB224000940484 /* ZaraFood */,
			);
		};
/* End PBXProject section */

/* Begin PBXResourcesBuildPhase section */
		FB902E9B2ADB224000940484 /* Resources */ = {
			isa = PBXResourcesBuildPhase;
			buildActionMask = 2147483647;
			files = (
				FB902EAD2ADB224200940484 /* LaunchScreen.storyboard in Resources */,
				FB902EAA2ADB224200940484 /* Assets.xcassets in Resources */,
				FB902EA82ADB224000940484 /* Main.storyboard in Resources */,
			);
			runOnlyForDeploymentPostprocessing = 0;
		};
/* End PBXResourcesBuildPhase section */

/* Begin PBXSourcesBuildPhase section */
		FB902E992ADB224000940484 /* Sources */ = {
			isa = PBXSourcesBuildPhase;
			buildActionMask = 2147483647;
			files = (
				FBC3DA5B2AE5B56300ACC86E /* BasketViewController.swift in Sources */,
				FB902EC12ADB461F00940484 /* HomeCollectionViewCell.swift in Sources */,
				FBDA65392ADC97A3005B24C8 /* HomeCellViewModel.swift in Sources */,
				FBDA65352ADC8F22005B24C8 /* Constants.swift in Sources */,
				FB902EBD2ADB36D600940484 /* PBasketViewController.swift in Sources */,
				FB902EA12ADB224000940484 /* AppDelegate.swift in Sources */,
				FBDA65262ADC0388005B24C8 /* FoodModel.swift in Sources */,
				FB902EB72ADB23AD00940484 /* TabbarController.swift in Sources */,
				FBA9F5082ADDC4E1003443F0 /* DetailViewController.swift in Sources */,
				FBC3DA562AE555A100ACC86E /* LocalDataSource.swift in Sources */,
				FBDA65332ADC1043005B24C8 /* CustomError.swift in Sources */,
				FBDA653B2ADC9AEC005B24C8 /* HomeRepository.swift in Sources */,
				FBDA65372ADC911B005B24C8 /* HomeViewModel.swift in Sources */,
				FBDA653D2ADCA22E005B24C8 /* Extensions.swift in Sources */,
				FBDA65282ADC0400005B24C8 /* Service.swift in Sources */,
				FB902EA32ADB224000940484 /* SceneDelegate.swift in Sources */,
				FBC3DA612AE5C98A00ACC86E /* BasketCollectionViewCell.swift in Sources */,
				FB902EBB2ADB36CB00940484 /* FavoritesViewController.swift in Sources */,
				FB902EB92ADB36BF00940484 /* HomeViewController.swift in Sources */,
			);
			runOnlyForDeploymentPostprocessing = 0;
		};
/* End PBXSourcesBuildPhase section */

/* Begin PBXVariantGroup section */
		FB902EA62ADB224000940484 /* Main.storyboard */ = {
			isa = PBXVariantGroup;
			children = (
				FB902EA72ADB224000940484 /* Base */,
			);
			name = Main.storyboard;
			sourceTree = "<group>";
		};
		FB902EAB2ADB224200940484 /* LaunchScreen.storyboard */ = {
			isa = PBXVariantGroup;
			children = (
				FB902EAC2ADB224200940484 /* Base */,
			);
			name = LaunchScreen.storyboard;
			sourceTree = "<group>";
		};
/* End PBXVariantGroup section */

/* Begin XCBuildConfiguration section */
		FB902EAF2ADB224200940484 /* Debug */ = {
			isa = XCBuildConfiguration;
			buildSettings = {
				ALWAYS_SEARCH_USER_PATHS = NO;
				CLANG_ANALYZER_NONNULL = YES;
				CLANG_ANALYZER_NUMBER_OBJECT_CONVERSION = YES_AGGRESSIVE;
				CLANG_CXX_LANGUAGE_STANDARD = "gnu++20";
				CLANG_ENABLE_MODULES = YES;
				CLANG_ENABLE_OBJC_ARC = YES;
				CLANG_ENABLE_OBJC_WEAK = YES;
				CLANG_WARN_BLOCK_CAPTURE_AUTORELEASING = YES;
				CLANG_WARN_BOOL_CONVERSION = YES;
				CLANG_WARN_COMMA = YES;
				CLANG_WARN_CONSTANT_CONVERSION = YES;
				CLANG_WARN_DEPRECATED_OBJC_IMPLEMENTATIONS = YES;
				CLANG_WARN_DIRECT_OBJC_ISA_USAGE = YES_ERROR;
				CLANG_WARN_DOCUMENTATION_COMMENTS = YES;
				CLANG_WARN_EMPTY_BODY = YES;
				CLANG_WARN_ENUM_CONVERSION = YES;
				CLANG_WARN_INFINITE_RECURSION = YES;
				CLANG_WARN_INT_CONVERSION = YES;
				CLANG_WARN_NON_LITERAL_NULL_CONVERSION = YES;
				CLANG_WARN_OBJC_IMPLICIT_RETAIN_SELF = YES;
				CLANG_WARN_OBJC_LITERAL_CONVERSION = YES;
				CLANG_WARN_OBJC_ROOT_CLASS = YES_ERROR;
				CLANG_WARN_QUOTED_INCLUDE_IN_FRAMEWORK_HEADER = YES;
				CLANG_WARN_RANGE_LOOP_ANALYSIS = YES;
				CLANG_WARN_STRICT_PROTOTYPES = YES;
				CLANG_WARN_SUSPICIOUS_MOVE = YES;
				CLANG_WARN_UNGUARDED_AVAILABILITY = YES_AGGRESSIVE;
				CLANG_WARN_UNREACHABLE_CODE = YES;
				CLANG_WARN__DUPLICATE_METHOD_MATCH = YES;
				COPY_PHASE_STRIP = NO;
				DEBUG_INFORMATION_FORMAT = dwarf;
				ENABLE_STRICT_OBJC_MSGSEND = YES;
				ENABLE_TESTABILITY = YES;
				GCC_C_LANGUAGE_STANDARD = gnu11;
				GCC_DYNAMIC_NO_PIC = NO;
				GCC_NO_COMMON_BLOCKS = YES;
				GCC_OPTIMIZATION_LEVEL = 0;
				GCC_PREPROCESSOR_DEFINITIONS = (
					"DEBUG=1",
					"$(inherited)",
				);
				GCC_WARN_64_TO_32_BIT_CONVERSION = YES;
				GCC_WARN_ABOUT_RETURN_TYPE = YES_ERROR;
				GCC_WARN_UNDECLARED_SELECTOR = YES;
				GCC_WARN_UNINITIALIZED_AUTOS = YES_AGGRESSIVE;
				GCC_WARN_UNUSED_FUNCTION = YES;
				GCC_WARN_UNUSED_VARIABLE = YES;
				IPHONEOS_DEPLOYMENT_TARGET = 16.4;
				MTL_ENABLE_DEBUG_INFO = INCLUDE_SOURCE;
				MTL_FAST_MATH = YES;
				ONLY_ACTIVE_ARCH = YES;
				SDKROOT = iphoneos;
				SWIFT_ACTIVE_COMPILATION_CONDITIONS = DEBUG;
				SWIFT_OPTIMIZATION_LEVEL = "-Onone";
			};
			name = Debug;
		};
		FB902EB02ADB224200940484 /* Release */ = {
			isa = XCBuildConfiguration;
			buildSettings = {
				ALWAYS_SEARCH_USER_PATHS = NO;
				CLANG_ANALYZER_NONNULL = YES;
				CLANG_ANALYZER_NUMBER_OBJECT_CONVERSION = YES_AGGRESSIVE;
				CLANG_CXX_LANGUAGE_STANDARD = "gnu++20";
				CLANG_ENABLE_MODULES = YES;
				CLANG_ENABLE_OBJC_ARC = YES;
				CLANG_ENABLE_OBJC_WEAK = YES;
				CLANG_WARN_BLOCK_CAPTURE_AUTORELEASING = YES;
				CLANG_WARN_BOOL_CONVERSION = YES;
				CLANG_WARN_COMMA = YES;
				CLANG_WARN_CONSTANT_CONVERSION = YES;
				CLANG_WARN_DEPRECATED_OBJC_IMPLEMENTATIONS = YES;
				CLANG_WARN_DIRECT_OBJC_ISA_USAGE = YES_ERROR;
				CLANG_WARN_DOCUMENTATION_COMMENTS = YES;
				CLANG_WARN_EMPTY_BODY = YES;
				CLANG_WARN_ENUM_CONVERSION = YES;
				CLANG_WARN_INFINITE_RECURSION = YES;
				CLANG_WARN_INT_CONVERSION = YES;
				CLANG_WARN_NON_LITERAL_NULL_CONVERSION = YES;
				CLANG_WARN_OBJC_IMPLICIT_RETAIN_SELF = YES;
				CLANG_WARN_OBJC_LITERAL_CONVERSION = YES;
				CLANG_WARN_OBJC_ROOT_CLASS = YES_ERROR;
				CLANG_WARN_QUOTED_INCLUDE_IN_FRAMEWORK_HEADER = YES;
				CLANG_WARN_RANGE_LOOP_ANALYSIS = YES;
				CLANG_WARN_STRICT_PROTOTYPES = YES;
				CLANG_WARN_SUSPICIOUS_MOVE = YES;
				CLANG_WARN_UNGUARDED_AVAILABILITY = YES_AGGRESSIVE;
				CLANG_WARN_UNREACHABLE_CODE = YES;
				CLANG_WARN__DUPLICATE_METHOD_MATCH = YES;
				COPY_PHASE_STRIP = NO;
				DEBUG_INFORMATION_FORMAT = "dwarf-with-dsym";
				ENABLE_NS_ASSERTIONS = NO;
				ENABLE_STRICT_OBJC_MSGSEND = YES;
				GCC_C_LANGUAGE_STANDARD = gnu11;
				GCC_NO_COMMON_BLOCKS = YES;
				GCC_WARN_64_TO_32_BIT_CONVERSION = YES;
				GCC_WARN_ABOUT_RETURN_TYPE = YES_ERROR;
				GCC_WARN_UNDECLARED_SELECTOR = YES;
				GCC_WARN_UNINITIALIZED_AUTOS = YES_AGGRESSIVE;
				GCC_WARN_UNUSED_FUNCTION = YES;
				GCC_WARN_UNUSED_VARIABLE = YES;
				IPHONEOS_DEPLOYMENT_TARGET = 16.4;
				MTL_ENABLE_DEBUG_INFO = NO;
				MTL_FAST_MATH = YES;
				SDKROOT = iphoneos;
				SWIFT_COMPILATION_MODE = wholemodule;
				SWIFT_OPTIMIZATION_LEVEL = "-O";
				VALIDATE_PRODUCT = YES;
			};
			name = Release;
		};
		FB902EB22ADB224200940484 /* Debug */ = {
			isa = XCBuildConfiguration;
			buildSettings = {
				ASSETCATALOG_COMPILER_APPICON_NAME = AppIcon;
				ASSETCATALOG_COMPILER_GLOBAL_ACCENT_COLOR_NAME = AccentColor;
				CODE_SIGN_STYLE = Automatic;
				CURRENT_PROJECT_VERSION = 1;
				DEVELOPMENT_TEAM = A94ZNMJSTF;
				GENERATE_INFOPLIST_FILE = YES;
				INFOPLIST_FILE = ZaraFood/Info.plist;
				INFOPLIST_KEY_UIApplicationSupportsIndirectInputEvents = YES;
				INFOPLIST_KEY_UILaunchStoryboardName = LaunchScreen;
				INFOPLIST_KEY_UIMainStoryboardFile = Main;
				INFOPLIST_KEY_UISupportedInterfaceOrientations = UIInterfaceOrientationPortrait;
				INFOPLIST_KEY_UISupportedInterfaceOrientations_iPad = "UIInterfaceOrientationLandscapeLeft UIInterfaceOrientationLandscapeRight UIInterfaceOrientationPortrait UIInterfaceOrientationPortraitUpsideDown";
				IPHONEOS_DEPLOYMENT_TARGET = 15.0;
				LD_RUNPATH_SEARCH_PATHS = (
					"$(inherited)",
					"@executable_path/Frameworks",
				);
				MARKETING_VERSION = 1.0;
				PRODUCT_BUNDLE_IDENTIFIER = com.muratala.ZaraFood;
				PRODUCT_NAME = "$(TARGET_NAME)";
				SWIFT_EMIT_LOC_STRINGS = YES;
				SWIFT_VERSION = 5.0;
				TARGETED_DEVICE_FAMILY = "1,2";
			};
			name = Debug;
		};
		FB902EB32ADB224200940484 /* Release */ = {
			isa = XCBuildConfiguration;
			buildSettings = {
				ASSETCATALOG_COMPILER_APPICON_NAME = AppIcon;
				ASSETCATALOG_COMPILER_GLOBAL_ACCENT_COLOR_NAME = AccentColor;
				CODE_SIGN_STYLE = Automatic;
				CURRENT_PROJECT_VERSION = 1;
				DEVELOPMENT_TEAM = A94ZNMJSTF;
				GENERATE_INFOPLIST_FILE = YES;
				INFOPLIST_FILE = ZaraFood/Info.plist;
				INFOPLIST_KEY_UIApplicationSupportsIndirectInputEvents = YES;
				INFOPLIST_KEY_UILaunchStoryboardName = LaunchScreen;
				INFOPLIST_KEY_UIMainStoryboardFile = Main;
				INFOPLIST_KEY_UISupportedInterfaceOrientations = UIInterfaceOrientationPortrait;
				INFOPLIST_KEY_UISupportedInterfaceOrientations_iPad = "UIInterfaceOrientationLandscapeLeft UIInterfaceOrientationLandscapeRight UIInterfaceOrientationPortrait UIInterfaceOrientationPortraitUpsideDown";
				IPHONEOS_DEPLOYMENT_TARGET = 15.0;
				LD_RUNPATH_SEARCH_PATHS = (
					"$(inherited)",
					"@executable_path/Frameworks",
				);
				MARKETING_VERSION = 1.0;
				PRODUCT_BUNDLE_IDENTIFIER = com.muratala.ZaraFood;
				PRODUCT_NAME = "$(TARGET_NAME)";
				SWIFT_EMIT_LOC_STRINGS = YES;
				SWIFT_VERSION = 5.0;
				TARGETED_DEVICE_FAMILY = "1,2";
			};
			name = Release;
		};
/* End XCBuildConfiguration section */

/* Begin XCConfigurationList section */
		FB902E982ADB224000940484 /* Build configuration list for PBXProject "ZaraFood" */ = {
			isa = XCConfigurationList;
			buildConfigurations = (
				FB902EAF2ADB224200940484 /* Debug */,
				FB902EB02ADB224200940484 /* Release */,
			);
			defaultConfigurationIsVisible = 0;
			defaultConfigurationName = Release;
		};
		FB902EB12ADB224200940484 /* Build configuration list for PBXNativeTarget "ZaraFood" */ = {
			isa = XCConfigurationList;
			buildConfigurations = (
				FB902EB22ADB224200940484 /* Debug */,
				FB902EB32ADB224200940484 /* Release */,
			);
			defaultConfigurationIsVisible = 0;
			defaultConfigurationName = Release;
		};
/* End XCConfigurationList section */

/* Begin XCRemoteSwiftPackageReference section */
		FBC3DA572AE555EA00ACC86E /* XCRemoteSwiftPackageReference "SQLite" */ = {
			isa = XCRemoteSwiftPackageReference;
			repositoryURL = "https://github.com/stephencelis/SQLite.swift";
			requirement = {
				kind = upToNextMajorVersion;
				minimumVersion = 0.14.1;
			};
		};
		FBDA65292ADC0427005B24C8 /* XCRemoteSwiftPackageReference "Alamofire" */ = {
			isa = XCRemoteSwiftPackageReference;
			repositoryURL = "https://github.com/Alamofire/Alamofire";
			requirement = {
				kind = upToNextMajorVersion;
				minimumVersion = 5.0.0;
			};
		};
		FBDA652C2ADC0449005B24C8 /* XCRemoteSwiftPackageReference "SDWebImage" */ = {
			isa = XCRemoteSwiftPackageReference;
			repositoryURL = "https://github.com/SDWebImage/SDWebImage";
			requirement = {
				kind = upToNextMajorVersion;
				minimumVersion = 5.0.0;
			};
		};
		FBEEEB532AE303B7007BC2A0 /* XCRemoteSwiftPackageReference "RxSwift" */ = {
			isa = XCRemoteSwiftPackageReference;
			repositoryURL = "https://github.com/ReactiveX/RxSwift";
			requirement = {
				kind = upToNextMajorVersion;
				minimumVersion = 6.0.0;
			};
		};
/* End XCRemoteSwiftPackageReference section */

/* Begin XCSwiftPackageProductDependency section */
		FBC3DA582AE555EA00ACC86E /* SQLite */ = {
			isa = XCSwiftPackageProductDependency;
			package = FBC3DA572AE555EA00ACC86E /* XCRemoteSwiftPackageReference "SQLite" */;
			productName = SQLite;
		};
		FBDA652A2ADC0427005B24C8 /* Alamofire */ = {
			isa = XCSwiftPackageProductDependency;
			package = FBDA65292ADC0427005B24C8 /* XCRemoteSwiftPackageReference "Alamofire" */;
			productName = Alamofire;
		};
		FBDA652D2ADC0449005B24C8 /* SDWebImage */ = {
			isa = XCSwiftPackageProductDependency;
			package = FBDA652C2ADC0449005B24C8 /* XCRemoteSwiftPackageReference "SDWebImage" */;
			productName = SDWebImage;
		};
		FBEEEB542AE303B7007BC2A0 /* RxCocoa */ = {
			isa = XCSwiftPackageProductDependency;
			package = FBEEEB532AE303B7007BC2A0 /* XCRemoteSwiftPackageReference "RxSwift" */;
			productName = RxCocoa;
		};
		FBEEEB562AE303B7007BC2A0 /* RxSwift */ = {
			isa = XCSwiftPackageProductDependency;
			package = FBEEEB532AE303B7007BC2A0 /* XCRemoteSwiftPackageReference "RxSwift" */;
			productName = RxSwift;
		};
/* End XCSwiftPackageProductDependency section */
	};
	rootObject = FB902E952ADB224000940484 /* Project object */;
}
